
Microsoft Visual Studio Solution File, Format Version 12.00
# Visual Studio Version 17
VisualStudioVersion = 17.14.37314.3 d17.14
MinimumVisualStudioVersion = 10.0.40219.1
Project("{FAE04EC0-301F-11D3-BF4B-00C04F79EFBC}") = "BTCPayServer.Plugins.Tando", "BTCPayServer.Plugins.Tando.csproj", "{0BFEF5C3-866D-3D81-D04B-DF85F4490D1F}"
EndProject
Project("{FAE04EC0-301F-11D3-BF4B-00C04F79EFBC}") = "Tando.Tests", "..\..\Tando.Tests\Tando.Tests.csproj", "{B2C199A5-855A-4B5A-965E-3C4105E695E1}"
EndProject
Global
	GlobalSection(SolutionConfigurationPlatforms) = preSolution
		Debug|Any CPU = Debug|Any CPU
		Release|Any CPU = Release|Any CPU
	EndGlobalSection
	GlobalSection(ProjectConfigurationPlatforms) = postSolution
		{0BFEF5C3-866D-3D81-D04B-DF85F4490D1F}.Debug|Any CPU.ActiveCfg = Debug|Any CPU
		{0BFEF5C3-866D-3D81-D04B-DF85F4490D1F}.Debug|Any CPU.Build.0 = Debug|Any CPU
		{0BFEF5C3-866D-3D81-D04B-DF85F4490D1F}.Release|Any CPU.ActiveCfg = Release|Any CPU
		{0BFEF5C3-866D-3D81-D04B-DF85F4490D1F}.Release|Any CPU.Build.0 = Release|Any CPU
		{B2C199A5-855A-4B5A-965E-3C4105E695E1}.Debug|Any CPU.ActiveCfg = Debug|Any CPU
		{B2C199A5-855A-4B5A-965E-3C4105E695E1}.Debug|Any CPU.Build.0 = Debug|Any CPU
		{B2C199A5-855A-4B5A-965E-3C4105E695E1}.Release|Any CPU.ActiveCfg = Release|Any CPU
		{B2C199A5-855A-4B5A-965E-3C4105E695E1}.Release|Any CPU.Build.0 = Release|Any CPU
	EndGlobalSection
	GlobalSection(SolutionProperties) = preSolution
		HideSolutionNode = FALSE
	EndGlobalSection
	GlobalSection(ExtensibilityGlobals) = postSolution
		SolutionGuid = {9BFB6E86-DD08-4B0F-A1FC-B3B19E2E1327}
	EndGlobalSection
EndGlobal
